
Microsoft Visual Studio Solution File, Format Version 12.00
# Visual Studio 15
VisualStudioVersion = 15.0.27428.2015
MinimumVisualStudioVersion = 10.0.40219.1
Project("{FAE04EC0-301F-11D3-BF4B-00C04F79EFBC}") = "WebApp", "WebApp\WebApp.csproj", "{E238F2CC-E725-4EB5-8AB7-104CB1566923}"
EndProject
Project("{FAE04EC0-301F-11D3-BF4B-00C04F79EFBC}") = "BussinesEnitites", "BussinesEnitites\BussinesEnitites.csproj", "{06228911-D925-4134-BDE3-122EBC203C0B}"
EndProject
Project("{FAE04EC0-301F-11D3-BF4B-00C04F79EFBC}") = "DataBase", "DataBase\DataBase.csproj", "{784F5BBC-FA6C-4949-8C42-806CBF1CE44B}"
EndProject
Project("{FAE04EC0-301F-11D3-BF4B-00C04F79EFBC}") = "Interfaces", "Interfaces\Interfaces.csproj", "{ECB158D4-07F8-4E2E-A9E1-DD5E8BB205F0}"
EndProject
Global
	GlobalSection(SolutionConfigurationPlatforms) = preSolution
		Debug|Any CPU = Debug|Any CPU
		Release|Any CPU = Release|Any CPU
	EndGlobalSection
	GlobalSection(ProjectConfigurationPlatforms) = postSolution
		{E238F2CC-E725-4EB5-8AB7-104CB1566923}.Debug|Any CPU.ActiveCfg = Debug|Any CPU
		{E238F2CC-E725-4EB5-8AB7-104CB1566923}.Debug|Any CPU.Build.0 = Debug|Any CPU
		{E238F2CC-E725-4EB5-8AB7-104CB1566923}.Release|Any CPU.ActiveCfg = Release|Any CPU
		{E238F2CC-E725-4EB5-8AB7-104CB1566923}.Release|Any CPU.Build.0 = Release|Any CPU
		{06228911-D925-4134-BDE3-122EBC203C0B}.Debug|Any CPU.ActiveCfg = Debug|Any CPU
		{06228911-D925-4134-BDE3-122EBC203C0B}.Debug|Any CPU.Build.0 = Debug|Any CPU
		{06228911-D925-4134-BDE3-122EBC203C0B}.Release|Any CPU.ActiveCfg = Release|Any CPU
		{06228911-D925-4134-BDE3-122EBC203C0B}.Release|Any CPU.Build.0 = Release|Any CPU
		{784F5BBC-FA6C-4949-8C42-806CBF1CE44B}.Debug|Any CPU.ActiveCfg = Debug|Any CPU
		{784F5BBC-FA6C-4949-8C42-806CBF1CE44B}.Debug|Any CPU.Build.0 = Debug|Any CPU
		{784F5BBC-FA6C-4949-8C42-806CBF1CE44B}.Release|Any CPU.ActiveCfg = Release|Any CPU
		{784F5BBC-FA6C-4949-8C42-806CBF1CE44B}.Release|Any CPU.Build.0 = Release|Any CPU
		{ECB158D4-07F8-4E2E-A9E1-DD5E8BB205F0}.Debug|Any CPU.ActiveCfg = Debug|Any CPU
		{ECB158D4-07F8-4E2E-A9E1-DD5E8BB205F0}.Debug|Any CPU.Build.0 = Debug|Any CPU
		{ECB158D4-07F8-4E2E-A9E1-DD5E8BB205F0}.Release|Any CPU.ActiveCfg = Release|Any CPU
		{ECB158D4-07F8-4E2E-A9E1-DD5E8BB205F0}.Release|Any CPU.Build.0 = Release|Any CPU
	EndGlobalSection
	GlobalSection(SolutionProperties) = preSolution
		HideSolutionNode = FALSE
	EndGlobalSection
	GlobalSection(ExtensibilityGlobals) = postSolution
		SolutionGuid = {6293FB81-9F58-462B-95E5-61A24523F296}
	EndGlobalSection
EndGlobal
